
Microsoft Visual Studio Solution File, Format Version 12.00
# Visual Studio 2012
Project("{FAE04EC0-301F-11D3-BF4B-00C04F79EFBC}") = "xamarin-test-01", "xamarin-test-01\xamarin-test-01.csproj", "{44711C7D-7B70-4788-833B-6045E52FCABB}"
EndProject
Project("{FAE04EC0-301F-11D3-BF4B-00C04F79EFBC}") = "xamarin-test-01.Tests", "xamarin-test-01.Tests\xamarin-test-01.Tests.csproj", "{956B615C-8488-4782-8D26-E48673461683}"
EndProject
Global
	GlobalSection(SolutionConfigurationPlatforms) = preSolution
		Debug|Any CPU = Debug|Any CPU
		Release|Any CPU = Release|Any CPU
	EndGlobalSection
	GlobalSection(ProjectConfigurationPlatforms) = postSolution
		{44711C7D-7B70-4788-833B-6045E52FCABB}.Debug|Any CPU.ActiveCfg = Debug|Any CPU
		{44711C7D-7B70-4788-833B-6045E52FCABB}.Debug|Any CPU.Build.0 = Debug|Any CPU
		{44711C7D-7B70-4788-833B-6045E52FCABB}.Release|Any CPU.ActiveCfg = Release|Any CPU
		{44711C7D-7B70-4788-833B-6045E52FCABB}.Release|Any CPU.Build.0 = Release|Any CPU
		{956B615C-8488-4782-8D26-E48673461683}.Debug|Any CPU.ActiveCfg = Debug|Any CPU
		{956B615C-8488-4782-8D26-E48673461683}.Debug|Any CPU.Build.0 = Debug|Any CPU
		{956B615C-8488-4782-8D26-E48673461683}.Release|Any CPU.ActiveCfg = Release|Any CPU
		{956B615C-8488-4782-8D26-E48673461683}.Release|Any CPU.Build.0 = Release|Any CPU
	EndGlobalSection
EndGlobal
